
Microsoft Visual Studio Solution File, Format Version 12.00
# Visual Studio Version 16
VisualStudioVersion = 16.0.30104.148
MinimumVisualStudioVersion = 10.0.40219.1
Project("{FAE04EC0-301F-11D3-BF4B-00C04F79EFBC}") = "PragueDbTest.UWP", "PragueDbTest\PragueDbTest.UWP\PragueDbTest.UWP.csproj", "{CF68D687-F0BF-4C46-A6B3-FF9273ECC8BE}"
EndProject
Project("{FAE04EC0-301F-11D3-BF4B-00C04F79EFBC}") = "PragueDbTest.Android", "PragueDbTest\PragueDbTest.Android\PragueDbTest.Android.csproj", "{88085091-D0CE-4605-BCC9-D1A65B0DBF8B}"
EndProject
Project("{9A19103F-16F7-4668-BE54-9A1E7A4F7556}") = "PragueDbTest", "PragueDbTest\PragueDbTest\PragueDbTest.csproj", "{70A758C2-944E-49F0-BC85-E14971790F76}"
EndProject
Project("{FAE04EC0-301F-11D3-BF4B-00C04F79EFBC}") = "Database_WebAPI", "Database_WebAPI\Database_WebAPI.csproj", "{A271B176-2D44-4E20-9279-E594E2604275}"
EndProject
Project("{FAE04EC0-301F-11D3-BF4B-00C04F79EFBC}") = "CustomerDataAccess", "CustomerDataAccess\CustomerDataAccess.csproj", "{FC267826-7C16-4A58-8FD5-3161990CC02E}"
EndProject
Global
	GlobalSection(SolutionConfigurationPlatforms) = preSolution
		Debug|Any CPU = Debug|Any CPU
		Debug|ARM = Debug|ARM
		Debug|x64 = Debug|x64
		Debug|x86 = Debug|x86
		Release|Any CPU = Release|Any CPU
		Release|ARM = Release|ARM
		Release|x64 = Release|x64
		Release|x86 = Release|x86
	EndGlobalSection
	GlobalSection(ProjectConfigurationPlatforms) = postSolution
		{CF68D687-F0BF-4C46-A6B3-FF9273ECC8BE}.Debug|Any CPU.ActiveCfg = Debug|x86
		{CF68D687-F0BF-4C46-A6B3-FF9273ECC8BE}.Debug|Any CPU.Build.0 = Debug|x86
		{CF68D687-F0BF-4C46-A6B3-FF9273ECC8BE}.Debug|Any CPU.Deploy.0 = Debug|x86
		{CF68D687-F0BF-4C46-A6B3-FF9273ECC8BE}.Debug|ARM.ActiveCfg = Debug|ARM
		{CF68D687-F0BF-4C46-A6B3-FF9273ECC8BE}.Debug|ARM.Build.0 = Debug|ARM
		{CF68D687-F0BF-4C46-A6B3-FF9273ECC8BE}.Debug|ARM.Deploy.0 = Debug|ARM
		{CF68D687-F0BF-4C46-A6B3-FF9273ECC8BE}.Debug|x64.ActiveCfg = Debug|x64
		{CF68D687-F0BF-4C46-A6B3-FF9273ECC8BE}.Debug|x64.Build.0 = Debug|x64
		{CF68D687-F0BF-4C46-A6B3-FF9273ECC8BE}.Debug|x64.Deploy.0 = Debug|x64
		{CF68D687-F0BF-4C46-A6B3-FF9273ECC8BE}.Debug|x86.ActiveCfg = Debug|x86
		{CF68D687-F0BF-4C46-A6B3-FF9273ECC8BE}.Debug|x86.Build.0 = Debug|x86
		{CF68D687-F0BF-4C46-A6B3-FF9273ECC8BE}.Debug|x86.Deploy.0 = Debug|x86
		{CF68D687-F0BF-4C46-A6B3-FF9273ECC8BE}.Release|Any CPU.ActiveCfg = Release|x86
		{CF68D687-F0BF-4C46-A6B3-FF9273ECC8BE}.Release|Any CPU.Build.0 = Release|x86
		{CF68D687-F0BF-4C46-A6B3-FF9273ECC8BE}.Release|Any CPU.Deploy.0 = Release|x86
		{CF68D687-F0BF-4C46-A6B3-FF9273ECC8BE}.Release|ARM.ActiveCfg = Release|ARM
		{CF68D687-F0BF-4C46-A6B3-FF9273ECC8BE}.Release|ARM.Build.0 = Release|ARM
		{CF68D687-F0BF-4C46-A6B3-FF9273ECC8BE}.Release|ARM.Deploy.0 = Release|ARM
		{CF68D687-F0BF-4C46-A6B3-FF9273ECC8BE}.Release|x64.ActiveCfg = Release|x64
		{CF68D687-F0BF-4C46-A6B3-FF9273ECC8BE}.Release|x64.Build.0 = Release|x64
		{CF68D687-F0BF-4C46-A6B3-FF9273ECC8BE}.Release|x64.Deploy.0 = Release|x64
		{CF68D687-F0BF-4C46-A6B3-FF9273ECC8BE}.Release|x86.ActiveCfg = Release|x86
		{CF68D687-F0BF-4C46-A6B3-FF9273ECC8BE}.Release|x86.Build.0 = Release|x86
		{CF68D687-F0BF-4C46-A6B3-FF9273ECC8BE}.Release|x86.Deploy.0 = Release|x86
		{88085091-D0CE-4605-BCC9-D1A65B0DBF8B}.Debug|Any CPU.ActiveCfg = Debug|Any CPU
		{88085091-D0CE-4605-BCC9-D1A65B0DBF8B}.Debug|Any CPU.Build.0 = Debug|Any CPU
		{88085091-D0CE-4605-BCC9-D1A65B0DBF8B}.Debug|Any CPU.Deploy.0 = Debug|Any CPU
		{88085091-D0CE-4605-BCC9-D1A65B0DBF8B}.Debug|ARM.ActiveCfg = Debug|Any CPU
		{88085091-D0CE-4605-BCC9-D1A65B0DBF8B}.Debug|ARM.Build.0 = Debug|Any CPU
		{88085091-D0CE-4605-BCC9-D1A65B0DBF8B}.Debug|ARM.Deploy.0 = Debug|Any CPU
		{88085091-D0CE-4605-BCC9-D1A65B0DBF8B}.Debug|x64.ActiveCfg = Debug|Any CPU
		{88085091-D0CE-4605-BCC9-D1A65B0DBF8B}.Debug|x64.Build.0 = Debug|Any CPU
		{88085091-D0CE-4605-BCC9-D1A65B0DBF8B}.Debug|x64.Deploy.0 = Debug|Any CPU
		{88085091-D0CE-4605-BCC9-D1A65B0DBF8B}.Debug|x86.ActiveCfg = Debug|Any CPU
		{88085091-D0CE-4605-BCC9-D1A65B0DBF8B}.Debug|x86.Build.0 = Debug|Any CPU
		{88085091-D0CE-4605-BCC9-D1A65B0DBF8B}.Debug|x86.Deploy.0 = Debug|Any CPU
		{88085091-D0CE-4605-BCC9-D1A65B0DBF8B}.Release|Any CPU.ActiveCfg = Release|Any CPU
		{88085091-D0CE-4605-BCC9-D1A65B0DBF8B}.Release|Any CPU.Build.0 = Release|Any CPU
		{88085091-D0CE-4605-BCC9-D1A65B0DBF8B}.Release|Any CPU.Deploy.0 = Release|Any CPU
		{88085091-D0CE-4605-BCC9-D1A65B0DBF8B}.Release|ARM.ActiveCfg = Release|Any CPU
		{88085091-D0CE-4605-BCC9-D1A65B0DBF8B}.Release|ARM.Build.0 = Release|Any CPU
		{88085091-D0CE-4605-BCC9-D1A65B0DBF8B}.Release|ARM.Deploy.0 = Release|Any CPU
		{88085091-D0CE-4605-BCC9-D1A65B0DBF8B}.Release|x64.ActiveCfg = Release|Any CPU
		{88085091-D0CE-4605-BCC9-D1A65B0DBF8B}.Release|x64.Build.0 = Release|Any CPU
		{88085091-D0CE-4605-BCC9-D1A65B0DBF8B}.Release|x64.Deploy.0 = Release|Any CPU
		{88085091-D0CE-4605-BCC9-D1A65B0DBF8B}.Release|x86.ActiveCfg = Release|Any CPU
		{88085091-D0CE-4605-BCC9-D1A65B0DBF8B}.Release|x86.Build.0 = Release|Any CPU
		{88085091-D0CE-4605-BCC9-D1A65B0DBF8B}.Release|x86.Deploy.0 = Release|Any CPU
		{70A758C2-944E-49F0-BC85-E14971790F76}.Debug|Any CPU.ActiveCfg = Debug|Any CPU
		{70A758C2-944E-49F0-BC85-E14971790F76}.Debug|Any CPU.Build.0 = Debug|Any CPU
		{70A758C2-944E-49F0-BC85-E14971790F76}.Debug|Any CPU.Deploy.0 = Debug|Any CPU
		{70A758C2-944E-49F0-BC85-E14971790F76}.Debug|ARM.ActiveCfg = Debug|Any CPU
		{70A758C2-944E-49F0-BC85-E14971790F76}.Debug|ARM.Build.0 = Debug|Any CPU
		{70A758C2-944E-49F0-BC85-E14971790F76}.Debug|ARM.Deploy.0 = Debug|Any CPU
		{70A758C2-944E-49F0-BC85-E14971790F76}.Debug|x64.ActiveCfg = Debug|Any CPU
		{70A758C2-944E-49F0-BC85-E14971790F76}.Debug|x64.Build.0 = Debug|Any CPU
		{70A758C2-944E-49F0-BC85-E14971790F76}.Debug|x64.Deploy.0 = Debug|Any CPU
		{70A758C2-944E-49F0-BC85-E14971790F76}.Debug|x86.ActiveCfg = Debug|Any CPU
		{70A758C2-944E-49F0-BC85-E14971790F76}.Debug|x86.Build.0 = Debug|Any CPU
		{70A758C2-944E-49F0-BC85-E14971790F76}.Debug|x86.Deploy.0 = Debug|Any CPU
		{70A758C2-944E-49F0-BC85-E14971790F76}.Release|Any CPU.ActiveCfg = Release|Any CPU
		{70A758C2-944E-49F0-BC85-E14971790F76}.Release|Any CPU.Build.0 = Release|Any CPU
		{70A758C2-944E-49F0-BC85-E14971790F76}.Release|Any CPU.Deploy.0 = Release|Any CPU
		{70A758C2-944E-49F0-BC85-E14971790F76}.Release|ARM.ActiveCfg = Release|Any CPU
		{70A758C2-944E-49F0-BC85-E14971790F76}.Release|ARM.Build.0 = Release|Any CPU
		{70A758C2-944E-49F0-BC85-E14971790F76}.Release|ARM.Deploy.0 = Release|Any CPU
		{70A758C2-944E-49F0-BC85-E14971790F76}.Release|x64.ActiveCfg = Release|Any CPU
		{70A758C2-944E-49F0-BC85-E14971790F76}.Release|x64.Build.0 = Release|Any CPU
		{70A758C2-944E-49F0-BC85-E14971790F76}.Release|x64.Deploy.0 = Release|Any CPU
		{70A758C2-944E-49F0-BC85-E14971790F76}.Release|x86.ActiveCfg = Release|Any CPU
		{70A758C2-944E-49F0-BC85-E14971790F76}.Release|x86.Build.0 = Release|Any CPU
		{70A758C2-944E-49F0-BC85-E14971790F76}.Release|x86.Deploy.0 = Release|Any CPU
		{A271B176-2D44-4E20-9279-E594E2604275}.Debug|Any CPU.ActiveCfg = Debug|Any CPU
		{A271B176-2D44-4E20-9279-E594E2604275}.Debug|Any CPU.Build.0 = Debug|Any CPU
		{A271B176-2D44-4E20-9279-E594E2604275}.Debug|ARM.ActiveCfg = Debug|Any CPU
		{A271B176-2D44-4E20-9279-E594E2604275}.Debug|ARM.Build.0 = Debug|Any CPU
		{A271B176-2D44-4E20-9279-E594E2604275}.Debug|x64.ActiveCfg = Debug|Any CPU
		{A271B176-2D44-4E20-9279-E594E2604275}.Debug|x64.Build.0 = Debug|Any CPU
		{A271B176-2D44-4E20-9279-E594E2604275}.Debug|x86.ActiveCfg = Debug|Any CPU
		{A271B176-2D44-4E20-9279-E594E2604275}.Debug|x86.Build.0 = Debug|Any CPU
		{A271B176-2D44-4E20-9279-E594E2604275}.Release|Any CPU.ActiveCfg = Release|Any CPU
		{A271B176-2D44-4E20-9279-E594E2604275}.Release|Any CPU.Build.0 = Release|Any CPU
		{A271B176-2D44-4E20-9279-E594E2604275}.Release|ARM.ActiveCfg = Release|Any CPU
		{A271B176-2D44-4E20-9279-E594E2604275}.Release|ARM.Build.0 = Release|Any CPU
		{A271B176-2D44-4E20-9279-E594E2604275}.Release|x64.ActiveCfg = Release|Any CPU
		{A271B176-2D44-4E20-9279-E594E2604275}.Release|x64.Build.0 = Release|Any CPU
		{A271B176-2D44-4E20-9279-E594E2604275}.Release|x86.ActiveCfg = Release|Any CPU
		{A271B176-2D44-4E20-9279-E594E2604275}.Release|x86.Build.0 = Release|Any CPU
		{FC267826-7C16-4A58-8FD5-3161990CC02E}.Debug|Any CPU.ActiveCfg = Debug|Any CPU
		{FC267826-7C16-4A58-8FD5-3161990CC02E}.Debug|Any CPU.Build.0 = Debug|Any CPU
		{FC267826-7C16-4A58-8FD5-3161990CC02E}.Debug|ARM.ActiveCfg = Debug|Any CPU
		{FC267826-7C16-4A58-8FD5-3161990CC02E}.Debug|ARM.Build.0 = Debug|Any CPU
		{FC267826-7C16-4A58-8FD5-3161990CC02E}.Debug|x64.ActiveCfg = Debug|Any CPU
		{FC267826-7C16-4A58-8FD5-3161990CC02E}.Debug|x64.Build.0 = Debug|Any CPU
		{FC267826-7C16-4A58-8FD5-3161990CC02E}.Debug|x86.ActiveCfg = Debug|Any CPU
		{FC267826-7C16-4A58-8FD5-3161990CC02E}.Debug|x86.Build.0 = Debug|Any CPU
		{FC267826-7C16-4A58-8FD5-3161990CC02E}.Release|Any CPU.ActiveCfg = Release|Any CPU
		{FC267826-7C16-4A58-8FD5-3161990CC02E}.Release|Any CPU.Build.0 = Release|Any CPU
		{FC267826-7C16-4A58-8FD5-3161990CC02E}.Release|ARM.ActiveCfg = Release|Any CPU
		{FC267826-7C16-4A58-8FD5-3161990CC02E}.Release|ARM.Build.0 = Release|Any CPU
		{FC267826-7C16-4A58-8FD5-3161990CC02E}.Release|x64.ActiveCfg = Release|Any CPU
		{FC267826-7C16-4A58-8FD5-3161990CC02E}.Release|x64.Build.0 = Release|Any CPU
		{FC267826-7C16-4A58-8FD5-3161990CC02E}.Release|x86.ActiveCfg = Release|Any CPU
		{FC267826-7C16-4A58-8FD5-3161990CC02E}.Release|x86.Build.0 = Release|Any CPU
	EndGlobalSection
	GlobalSection(SolutionProperties) = preSolution
		HideSolutionNode = FALSE
	EndGlobalSection
	GlobalSection(ExtensibilityGlobals) = postSolution
		SolutionGuid = {366A3988-7593-45D7-8BF7-C5F5E8854519}
	EndGlobalSection
EndGlobal
